
Microsoft Visual Studio Solution File, Format Version 12.00
# Visual Studio Version 16
VisualStudioVersion = 16.0.30413.136
MinimumVisualStudioVersion = 10.0.40219.1
Project("{FAE04EC0-301F-11D3-BF4B-00C04F79EFBC}") = "BusinessLogicLayer", "BusinessLogicLayer\BusinessLogicLayer.csproj", "{6EC4863D-2940-4351-B3A6-85C98738D541}"
EndProject
Project("{FAE04EC0-301F-11D3-BF4B-00C04F79EFBC}") = "DataAccessLayer", "DataAccessLayer\DataAccessLayer.csproj", "{6F46A804-B120-4DB1-88CD-32C413BBA7B0}"
EndProject
Project("{FAE04EC0-301F-11D3-BF4B-00C04F79EFBC}") = "Entities", "Entities\Entities.csproj", "{6EE4FDA8-40C5-4F5E-89E1-EE2E3282F3B4}"
EndProject
Project("{FAE04EC0-301F-11D3-BF4B-00C04F79EFBC}") = "Core", "Core\Core.csproj", "{ECD46C6D-B5B7-4161-96D0-74C4996B101E}"
EndProject
Project("{FAE04EC0-301F-11D3-BF4B-00C04F79EFBC}") = "API", "API\API.csproj", "{0A208CB5-3463-4B68-AB1E-BF7E6BD3C5BC}"
EndProject
Global
	GlobalSection(SolutionConfigurationPlatforms) = preSolution
		Debug|Any CPU = Debug|Any CPU
		Release|Any CPU = Release|Any CPU
	EndGlobalSection
	GlobalSection(ProjectConfigurationPlatforms) = postSolution
		{6EC4863D-2940-4351-B3A6-85C98738D541}.Debug|Any CPU.ActiveCfg = Debug|Any CPU
		{6EC4863D-2940-4351-B3A6-85C98738D541}.Debug|Any CPU.Build.0 = Debug|Any CPU
		{6EC4863D-2940-4351-B3A6-85C98738D541}.Release|Any CPU.ActiveCfg = Release|Any CPU
		{6EC4863D-2940-4351-B3A6-85C98738D541}.Release|Any CPU.Build.0 = Release|Any CPU
		{6F46A804-B120-4DB1-88CD-32C413BBA7B0}.Debug|Any CPU.ActiveCfg = Debug|Any CPU
		{6F46A804-B120-4DB1-88CD-32C413BBA7B0}.Debug|Any CPU.Build.0 = Debug|Any CPU
		{6F46A804-B120-4DB1-88CD-32C413BBA7B0}.Release|Any CPU.ActiveCfg = Release|Any CPU
		{6F46A804-B120-4DB1-88CD-32C413BBA7B0}.Release|Any CPU.Build.0 = Release|Any CPU
		{6EE4FDA8-40C5-4F5E-89E1-EE2E3282F3B4}.Debug|Any CPU.ActiveCfg = Debug|Any CPU
		{6EE4FDA8-40C5-4F5E-89E1-EE2E3282F3B4}.Debug|Any CPU.Build.0 = Debug|Any CPU
		{6EE4FDA8-40C5-4F5E-89E1-EE2E3282F3B4}.Release|Any CPU.ActiveCfg = Release|Any CPU
		{6EE4FDA8-40C5-4F5E-89E1-EE2E3282F3B4}.Release|Any CPU.Build.0 = Release|Any CPU
		{ECD46C6D-B5B7-4161-96D0-74C4996B101E}.Debug|Any CPU.ActiveCfg = Debug|Any CPU
		{ECD46C6D-B5B7-4161-96D0-74C4996B101E}.Debug|Any CPU.Build.0 = Debug|Any CPU
		{ECD46C6D-B5B7-4161-96D0-74C4996B101E}.Release|Any CPU.ActiveCfg = Release|Any CPU
		{ECD46C6D-B5B7-4161-96D0-74C4996B101E}.Release|Any CPU.Build.0 = Release|Any CPU
		{0A208CB5-3463-4B68-AB1E-BF7E6BD3C5BC}.Debug|Any CPU.ActiveCfg = Debug|Any CPU
		{0A208CB5-3463-4B68-AB1E-BF7E6BD3C5BC}.Debug|Any CPU.Build.0 = Debug|Any CPU
		{0A208CB5-3463-4B68-AB1E-BF7E6BD3C5BC}.Release|Any CPU.ActiveCfg = Release|Any CPU
		{0A208CB5-3463-4B68-AB1E-BF7E6BD3C5BC}.Release|Any CPU.Build.0 = Release|Any CPU
	EndGlobalSection
	GlobalSection(SolutionProperties) = preSolution
		HideSolutionNode = FALSE
	EndGlobalSection
	GlobalSection(ExtensibilityGlobals) = postSolution
		SolutionGuid = {5D63596D-F567-4888-BE1A-E686E37DA9C4}
	EndGlobalSection
EndGlobal
